
Microsoft Visual Studio Solution File, Format Version 12.00
# Visual Studio Version 16
VisualStudioVersion = 16.0.29728.190
MinimumVisualStudioVersion = 10.0.40219.1
Project("{FAE04EC0-301F-11D3-BF4B-00C04F79EFBC}") = "GuessTheMovie", "GuessTheMovie\GuessTheMovie.csproj", "{8D7021BF-745D-4A7C-96F0-7005A523418B}"
EndProject
Global
	GlobalSection(SolutionConfigurationPlatforms) = preSolution
		Debug|Any CPU = Debug|Any CPU
		Release|Any CPU = Release|Any CPU
	EndGlobalSection
	GlobalSection(ProjectConfigurationPlatforms) = postSolution
		{8D7021BF-745D-4A7C-96F0-7005A523418B}.Debug|Any CPU.ActiveCfg = Debug|Any CPU
		{8D7021BF-745D-4A7C-96F0-7005A523418B}.Debug|Any CPU.Build.0 = Debug|Any CPU
		{8D7021BF-745D-4A7C-96F0-7005A523418B}.Release|Any CPU.ActiveCfg = Release|Any CPU
		{8D7021BF-745D-4A7C-96F0-7005A523418B}.Release|Any CPU.Build.0 = Release|Any CPU
	EndGlobalSection
	GlobalSection(SolutionProperties) = preSolution
		HideSolutionNode = FALSE
	EndGlobalSection
	GlobalSection(ExtensibilityGlobals) = postSolution
		SolutionGuid = {F5259E63-D596-41A3-9C2C-24AB9F2E0DFF}
	EndGlobalSection
EndGlobal
